
Microsoft Visual Studio Solution File, Format Version 12.00
# Visual Studio Version 17
VisualStudioVersion = 17.3.32901.215
MinimumVisualStudioVersion = 10.0.40219.1
Project("{FAE04EC0-301F-11D3-BF4B-00C04F79EFBC}") = "SuperHeroAPI", "SuperHeroAPI\SuperHeroAPI.csproj", "{2C22E23F-7192-4AE5-83F5-E63FCECCC47A}"
EndProject
Global
	GlobalSection(SolutionConfigurationPlatforms) = preSolution
		Debug|Any CPU = Debug|Any CPU
		Release|Any CPU = Release|Any CPU
	EndGlobalSection
	GlobalSection(ProjectConfigurationPlatforms) = postSolution
		{2C22E23F-7192-4AE5-83F5-E63FCECCC47A}.Debug|Any CPU.ActiveCfg = Debug|Any CPU
		{2C22E23F-7192-4AE5-83F5-E63FCECCC47A}.Debug|Any CPU.Build.0 = Debug|Any CPU
		{2C22E23F-7192-4AE5-83F5-E63FCECCC47A}.Release|Any CPU.ActiveCfg = Release|Any CPU
		{2C22E23F-7192-4AE5-83F5-E63FCECCC47A}.Release|Any CPU.Build.0 = Release|Any CPU
	EndGlobalSection
	GlobalSection(SolutionProperties) = preSolution
		HideSolutionNode = FALSE
	EndGlobalSection
	GlobalSection(ExtensibilityGlobals) = postSolution
		SolutionGuid = {022007FA-FA5D-4FDB-BD37-26AB8CCA268C}
	EndGlobalSection
EndGlobal
